
Microsoft Visual Studio Solution File, Format Version 12.00
# Visual Studio Version 17
VisualStudioVersion = 17.4.33213.308
MinimumVisualStudioVersion = 10.0.40219.1
Project("{FAE04EC0-301F-11D3-BF4B-00C04F79EFBC}") = "Lab13", "Lab13\Lab13.csproj", "{58872318-57FD-4622-97CA-E985FC9D4226}"
EndProject
Global
	GlobalSection(SolutionConfigurationPlatforms) = preSolution
		Debug|Any CPU = Debug|Any CPU
		Release|Any CPU = Release|Any CPU
	EndGlobalSection
	GlobalSection(ProjectConfigurationPlatforms) = postSolution
		{58872318-57FD-4622-97CA-E985FC9D4226}.Debug|Any CPU.ActiveCfg = Debug|Any CPU
		{58872318-57FD-4622-97CA-E985FC9D4226}.Debug|Any CPU.Build.0 = Debug|Any CPU
		{58872318-57FD-4622-97CA-E985FC9D4226}.Release|Any CPU.ActiveCfg = Release|Any CPU
		{58872318-57FD-4622-97CA-E985FC9D4226}.Release|Any CPU.Build.0 = Release|Any CPU
	EndGlobalSection
	GlobalSection(SolutionProperties) = preSolution
		HideSolutionNode = FALSE
	EndGlobalSection
	GlobalSection(ExtensibilityGlobals) = postSolution
		SolutionGuid = {BEC5B2A3-C351-4136-B303-3E53993940E9}
	EndGlobalSection
EndGlobal
